PODS:
  - Aspects (1.4.1)
  - FastModule (0.0.1)
  - FastModuleLayoutable (0.0.1):
    - Aspects (~> 1.4.1)
    - FastModule
    - YogaKit
  - FastModuleRoutable (0.0.1):
    - FastModule
    - FastModuleLayoutable
  - Yoga (1.8.1)
  - YogaKit (1.8.1):
    - Yoga (~> 1.8.1)

DEPENDENCIES:
  - FastModule (from `../FastModule`)
  - FastModuleLayoutable (from `../FastModuleLayoutable`)
  - FastModuleRoutable (from `../FastModuleRoutable`)

SPEC REPOS:
  https://github.com/cocoapods/specs.git:
    - Aspects
    - Yoga
    - YogaKit

EXTERNAL SOURCES:
  FastModule:
    :path: "../FastModule"
  FastModuleLayoutable:
    :path: "../FastModuleLayoutable"
  FastModuleRoutable:
    :path: "../FastModuleRoutable"

SPEC CHECKSUMS:
  Aspects: 7595ba96a6727a58ebcbfc954497fc5d2fdde546
  FastModule: 8889a8794a6adcf8d678769c7a551236d11d5071
  FastModuleLayoutable: 9316c4ec8302259887414a8387abda9a68b396b3
  FastModuleRoutable: a33c42a60b83e86272dfe8908d068e2ccec7b9a2
  Yoga: e6f1fed82138c17da5332e15e5770abf0e9cc386
  YogaKit: bb90d11e297e06abef7e0cfb20e035a6bd00cdc4

PODFILE CHECKSUM: f57ef80cbaa64c3bc5ed553b35a5c34b3c74f7af

COCOAPODS: 1.5.3
